
Microsoft Visual Studio Solution File, Format Version 12.00
# Visual Studio Version 16
VisualStudioVersion = 16.0.29306.81
MinimumVisualStudioVersion = 10.0.40219.1
Project("{888888A0-9F3D-457C-B088-3A5042F75D52}") = "PythonPrograms", "PythonPrograms\PythonPrograms.pyproj", "{0D9DABE1-4FEF-4072-B8C2-6B36AD15FFCD}"
EndProject
Global
	GlobalSection(SolutionConfigurationPlatforms) = preSolution
		Debug|Any CPU = Debug|Any CPU
		Release|Any CPU = Release|Any CPU
	EndGlobalSection
	GlobalSection(ProjectConfigurationPlatforms) = postSolution
		{0D9DABE1-4FEF-4072-B8C2-6B36AD15FFCD}.Debug|Any CPU.ActiveCfg = Debug|Any CPU
		{0D9DABE1-4FEF-4072-B8C2-6B36AD15FFCD}.Release|Any CPU.ActiveCfg = Release|Any CPU
	EndGlobalSection
	GlobalSection(SolutionProperties) = preSolution
		HideSolutionNode = FALSE
	EndGlobalSection
	GlobalSection(ExtensibilityGlobals) = postSolution
		SolutionGuid = {AF77ED4B-7B91-4F6C-88F3-0CC373AFC972}
	EndGlobalSection
EndGlobal
